
Microsoft Visual Studio Solution File, Format Version 12.00
# Visual Studio Version 16
VisualStudioVersion = 16.0.31112.23
MinimumVisualStudioVersion = 10.0.40219.1
Project("{FAE04EC0-301F-11D3-BF4B-00C04F79EFBC}") = "SynchronizeSystemTimeApplication", "SynchronizeSystemTimeApplication\SynchronizeSystemTimeApplication.csproj", "{01944AED-DACA-4B7E-8924-CC90176FEA4C}"
EndProject
Project("{54435603-DBB4-11D2-8724-00A0C9A8B90C}") = "Synchronize Time", "Synchronize Time\Synchronize Time.vdproj", "{674DEF8C-7D92-4BE1-ADC7-1728E716B2BF}"
EndProject
Global
	GlobalSection(SolutionConfigurationPlatforms) = preSolution
		Debug|Any CPU = Debug|Any CPU
		Release|Any CPU = Release|Any CPU
	EndGlobalSection
	GlobalSection(ProjectConfigurationPlatforms) = postSolution
		{01944AED-DACA-4B7E-8924-CC90176FEA4C}.Debug|Any CPU.ActiveCfg = Debug|Any CPU
		{01944AED-DACA-4B7E-8924-CC90176FEA4C}.Debug|Any CPU.Build.0 = Debug|Any CPU
		{01944AED-DACA-4B7E-8924-CC90176FEA4C}.Release|Any CPU.ActiveCfg = Release|Any CPU
		{01944AED-DACA-4B7E-8924-CC90176FEA4C}.Release|Any CPU.Build.0 = Release|Any CPU
		{674DEF8C-7D92-4BE1-ADC7-1728E716B2BF}.Debug|Any CPU.ActiveCfg = Debug
		{674DEF8C-7D92-4BE1-ADC7-1728E716B2BF}.Release|Any CPU.ActiveCfg = Release
	EndGlobalSection
	GlobalSection(SolutionProperties) = preSolution
		HideSolutionNode = FALSE
	EndGlobalSection
	GlobalSection(ExtensibilityGlobals) = postSolution
		SolutionGuid = {81A4EDD2-BDA4-49AB-B0C3-3B2B0AF41BA8}
	EndGlobalSection
EndGlobal
